# This file is autogenerated, do not edit; changes may be undone by the next 'dep ensure'.


[[projects]]
  name = "github.com/Microsoft/go-winio"
  packages = ["."]
  revision = "97e4973ce50b2ff5f09635a57e2b88a037aae829"
  version = "v0.4.11"

[[projects]]
  branch = "master"
  name = "github.com/alexflint/go-filemutex"
  packages = ["."]
  revision = "d358565f3c3f5334209f1e80693e4f621650c489"

[[projects]]
  branch = "master"
  name = "github.com/beorn7/perks"
  packages = ["quantile"]
  revision = "3a771d992973f24aa725d07868b467d1ddfceafb"

[[projects]]
  name = "github.com/blang/semver"
  packages = ["."]
  revision = "2ee87856327ba09384cabd113bc6b5d174e9ec0f"
  version = "v3.5.1"

[[projects]]
  branch = "master"
  name = "github.com/containerd/cgroups"
  packages = ["."]
  revision = "5017d4e9a9cf2d4381db99eacd9baf84b95bfb14"

[[projects]]
  branch = "master"
  name = "github.com/containerd/continuity"
  packages = ["pathdriver"]
  revision = "7f53d412b9eb1cbf744c2063185d703a0ee34700"

[[projects]]
  name = "github.com/containernetworking/cni"
  packages = ["libcni","pkg/invoke","pkg/skel","pkg/types","pkg/types/020","pkg/types/current","pkg/version"]
  revision = "a7885cb6f8ab03fba07852ded351e4f5e7a112bf"
  version = "v0.6.0"

[[projects]]
  branch = "master"
  name = "github.com/containernetworking/plugins"
  packages = ["pkg/ip","pkg/ipam","pkg/ns","pkg/utils","pkg/utils/hwaddr","pkg/utils/sysctl","plugins/ipam/dhcp","plugins/ipam/host-local","plugins/ipam/host-local/backend","plugins/ipam/host-local/backend/allocator","plugins/ipam/host-local/backend/disk","plugins/ipam/static","plugins/main/bridge","plugins/main/host-device","plugins/main/ipvlan","plugins/main/loopback","plugins/main/macvlan","plugins/main/ptp","plugins/main/vlan","plugins/meta/bandwidth","plugins/meta/flannel","plugins/meta/portmap","plugins/meta/tuning"]
  revision = "2b8b1ac0af4568e928d96ccc5f47b075416eeabd"

[[projects]]
  branch = "master"
  name = "github.com/containers/image"
  packages = ["copy","directory/explicitfilepath","docker","docker/archive","docker/daemon","docker/policyconfiguration","docker/reference","docker/tarfile","image","internal/tmpdir","manifest","oci/archive","oci/internal","oci/layout","pkg/compression","pkg/docker/config","pkg/strslice","pkg/tlsclientconfig","signature","transports","types","version"]
  revision = "753190a7a9367dea94090180451bf1b3988f8042"

[[projects]]
  branch = "master"
  name = "github.com/containers/storage"
  packages = ["pkg/archive","pkg/fileutils","pkg/homedir","pkg/idtools","pkg/ioutils","pkg/longpath","pkg/mount","pkg/pools","pkg/promise","pkg/stringutils","pkg/system"]
  revision = "1d49427fe9f91b947401660a1b7a2621d4e34d22"

[[projects]]
  name = "github.com/coreos/go-iptables"
  packages = ["iptables"]
  revision = "47f22b0dd3355c0ba570ba12b0b8a36bf214c04b"
  version = "v0.4.0"

[[projects]]
  name = "github.com/coreos/go-systemd"
  packages = ["activation","dbus"]
  revision = "39ca1b05acc7ad1220e09f133283b8859a8b71ab"
  version = "v17"

[[projects]]
  name = "github.com/cpuguy83/go-md2man"
  packages = ["md2man"]
  revision = "20f5889cbdc3c73dbd2862796665e7c465ade7d1"
  version = "v1.0.8"

[[projects]]
  branch = "master"
  name = "github.com/d2g/dhcp4"
  packages = ["."]
  revision = "a1d1b6c41b1ce8a71a5121a9cee31809c4707d9c"

[[projects]]
  branch = "master"
  name = "github.com/d2g/dhcp4client"
  packages = ["."]
  revision = "b7a004ff1a09ab6723625e179a44e476306977a6"

[[projects]]
  branch = "master"
  name = "github.com/docker/distribution"
  packages = [".","digestset","metrics","reference","registry/api/errcode","registry/api/v2","registry/client","registry/client/auth/challenge","registry/client/transport","registry/storage/cache","registry/storage/cache/memory"]
  revision = "16128bbac47f75050e82f7e91b04df33775e0c23"

[[projects]]
  name = "github.com/docker/docker"
  packages = ["api","api/types","api/types/blkiodev","api/types/container","api/types/events","api/types/filters","api/types/image","api/types/mount","api/types/network","api/types/registry","api/types/strslice","api/types/swarm","api/types/swarm/runtime","api/types/time","api/types/versions","api/types/volume","client","pkg/homedir","pkg/idtools","pkg/mount","pkg/system"]
  revision = "da99009bbb1165d1ac5688b5c81d2f589d418341"

[[projects]]
  name = "github.com/docker/docker-credential-helpers"
  packages = ["client","credentials"]
  revision = "5241b46610f2491efdf9d1c85f1ddf5b02f6d962"
  version = "v0.6.1"

[[projects]]
  name = "github.com/docker/go-connections"
  packages = ["nat","sockets","tlsconfig"]
  revision = "7395e3f8aa162843a74ed6d48e79627d9792ac55"
  version = "v0.4.0"

[[projects]]
  branch = "master"
  name = "github.com/docker/go-metrics"
  packages = ["."]
  revision = "399ea8c73916000c64c2c76e8da00ca82f8387ab"

[[projects]]
  name = "github.com/docker/go-units"
  packages = ["."]
  revision = "47565b4f722fb6ceae66b95f853feed578a4a51c"
  version = "v0.3.3"

[[projects]]
  branch = "master"
  name = "github.com/docker/libtrust"
  packages = ["."]
  revision = "aabc10ec26b754e797f9028f4589c5b7bd90dc20"

[[projects]]
  name = "github.com/ghodss/yaml"
  packages = ["."]
  revision = "0ca9ea5df5451ffdf184b4428c902747c2c11cd7"
  version = "v1.0.0"

[[projects]]
  branch = "master"
  name = "github.com/globalsign/mgo"
  packages = ["bson","internal/json"]
  revision = "1ca0a4f7cbcbe61c005d1bd43fdd8bb8b71df6bc"

[[projects]]
  name = "github.com/godbus/dbus"
  packages = ["."]
  revision = "a389bdde4dd695d414e47b755e95e72b7826432c"
  version = "v4.1.0"

[[projects]]
  name = "github.com/gogo/protobuf"
  packages = ["gogoproto","proto","protoc-gen-gogo/descriptor","sortkeys"]
  revision = "636bf0302bc95575d69441b25a2603156ffdddf1"
  version = "v1.1.1"

[[projects]]
  name = "github.com/golang/protobuf"
  packages = ["proto","ptypes","ptypes/any","ptypes/duration","ptypes/timestamp"]
  revision = "aa810b61a9c79d51363740d207bb46cf8e620ed5"
  version = "v1.2.0"

[[projects]]
  name = "github.com/gorilla/context"
  packages = ["."]
  revision = "08b5f424b9271eedf6f9f0ce86cb9396ed337a42"
  version = "v1.1.1"

[[projects]]
  name = "github.com/gorilla/mux"
  packages = ["."]
  revision = "e3702bed27f0d39777b0b37b664b6280e8ef8fbf"
  version = "v1.6.2"

[[projects]]
  name = "github.com/gorilla/websocket"
  packages = ["."]
  revision = "66b9c49e59c6c48f0ffce28c2d8b8a5678502c6d"
  version = "v1.4.0"

[[projects]]
  name = "github.com/hashicorp/errwrap"
  packages = ["."]
  revision = "8a6fb523712970c966eefc6b39ed2c5e74880354"
  version = "v1.0.0"

[[projects]]
  name = "github.com/hashicorp/go-multierror"
  packages = ["."]
  revision = "886a7fbe3eb1c874d46f623bfa70af45f425b3d1"
  version = "v1.0.0"

[[projects]]
  name = "github.com/inconshreveable/mousetrap"
  packages = ["."]
  revision = "76626ae9c91c4f2a10f34cad8ce83ea42c93bb75"
  version = "v1.0"

[[projects]]
  branch = "master"
  name = "github.com/j-keck/arping"
  packages = ["."]
  revision = "2cf9dc699c5640a7e2c81403a44127bf28033600"

[[projects]]
  branch = "master"
  name = "github.com/kubernetes-sigs/cri-o"
  packages = ["pkg/seccomp"]
  revision = "3b00e355d5247f7235b9612799554f4535a1e547"

[[projects]]
  name = "github.com/magiconair/properties"
  packages = ["assert"]
  revision = "c2353362d570a7bfa228149c62842019201cfb71"
  version = "v1.8.0"

[[projects]]
  name = "github.com/mattn/go-runewidth"
  packages = ["."]
  revision = "ce7b0b5c7b45a81508558cd1dba6bb1e4ddb51bb"
  version = "v0.0.3"

[[projects]]
  name = "github.com/mattn/go-shellwords"
  packages = ["."]
  revision = "02e3cf038dcea8290e44424da473dd12be796a8a"
  version = "v1.0.3"

[[projects]]
  name = "github.com/matttproud/golang_protobuf_extensions"
  packages = ["pbutil"]
  revision = "c12348ce28de40eed0136aa2b644d0ee0650e56c"
  version = "v1.0.1"

[[projects]]
  branch = "master"
  name = "github.com/mtrmac/gpgme"
  packages = ["."]
  revision = "b2432428689ca58c2b8e8dea9449d3295cf96fc9"

[[projects]]
  name = "github.com/opencontainers/go-digest"
  packages = ["."]
  revision = "279bed98673dd5bef374d3b6e4b09e2af76183bf"
  version = "v1.0.0-rc1"

[[projects]]
  branch = "master"
  name = "github.com/opencontainers/image-spec"
  packages = ["schema","specs-go","specs-go/v1"]
  revision = "7b1e489870acb042978a3935d2fb76f8a79aff81"

[[projects]]
  branch = "master"
  digest = "1:424b050a94341c4f95826c0b5b00df12d2fdb367250989b551c586525d1a43ee"
  name = "github.com/opencontainers/image-tools"
  packages = ["image"]
  pruneopts = "UT"
  revision = "2814f498056809a9d5baaf76d1d82312180a5888"
  source = "https://github.com/sylabs/image-tools"

[[projects]]
  name = "github.com/opencontainers/runc"
  packages = ["libcontainer/system","libcontainer/user"]
  revision = "baf6536d6259209c3edfa2b22237af82942d3dfa"
  version = "v0.1.1"

[[projects]]
  branch = "master"
  name = "github.com/opencontainers/runtime-spec"
  packages = ["specs-go"]
  revision = "5806c35637336642129d03657419829569abc5aa"

[[projects]]
  name = "github.com/opencontainers/runtime-tools"
  packages = ["error","filepath","generate","generate/seccomp","specerror","validate"]
  revision = "ae94592b1ec86ce51e19450b8dc542a936deb86d"
  version = "v0.7.0"

[[projects]]
  name = "github.com/opencontainers/selinux"
  packages = ["go-selinux"]
  revision = "ba1aefe8057f1d0cfb8e88d0ec1dc85925ef987d"
  version = "v1.0.0-rc1"

[[projects]]
  name = "github.com/pelletier/go-toml"
  packages = ["."]
  revision = "c01d1270ff3e442a8a57cddc1c92dc1138598194"
  version = "v1.2.0"

[[projects]]
  name = "github.com/pkg/errors"
  packages = ["."]
  revision = "645ef00459ed84a119197bfb8d8205042c6df63d"
  version = "v0.8.0"

[[projects]]
  branch = "master"
  name = "github.com/pquerna/ffjson"
  packages = ["fflib/v1","fflib/v1/internal"]
  revision = "af8b230fcd2007c7095168ca8ab94c68b60840c6"

[[projects]]
  branch = "master"
  name = "github.com/prometheus/client_golang"
  packages = ["prometheus","prometheus/internal","prometheus/promhttp"]
  revision = "f69c853d21c15596929fa9126ba211247e7dca95"

[[projects]]
  branch = "master"
  name = "github.com/prometheus/client_model"
  packages = ["go"]
  revision = "5c3871d89910bfb32f5fcab2aa4b9ec68e65a99f"

[[projects]]
  branch = "master"
  name = "github.com/prometheus/common"
  packages = ["expfmt","internal/bitbucket.org/ww/goautoneg","model"]
  revision = "c7de2306084e37d54b8be01f3541a8464345e9a5"

[[projects]]
  branch = "master"
  name = "github.com/prometheus/procfs"
  packages = [".","internal/util","nfs","xfs"]
  revision = "418d78d0b9a7b7de3a6bbc8a23def624cc977bb2"

[[projects]]
  name = "github.com/russross/blackfriday"
  packages = ["."]
  revision = "05f3235734ad95d0016f6a23902f06461fcf567a"
  version = "v1.5.2"

[[projects]]
  branch = "master"
  name = "github.com/safchain/ethtool"
  packages = ["."]
  revision = "6e3f4faa84e1d8d48afec75ed064cf3611d3f8bf"

[[projects]]
  name = "github.com/satori/go.uuid"
  packages = ["."]
  revision = "f58768cc1a7a7e77a3bd49e98cdd21419399b6a3"
  version = "v1.2.0"

[[projects]]
  name = "github.com/seccomp/libseccomp-golang"
  packages = ["."]
  revision = "e3496e3a417d1dc9ecdceca5af2513271fed37a0"
  version = "v0.9.0"

[[projects]]
  name = "github.com/sirupsen/logrus"
  packages = ["."]
  revision = "3e01752db0189b9157070a0e1668a620f9a85da2"
  version = "v1.0.6"

[[projects]]
  branch = "master"
  name = "github.com/spf13/cobra"
  packages = [".","doc"]
  revision = "8d114be902bc9f08717804830a55c48378108a28"

[[projects]]
  name = "github.com/spf13/pflag"
  packages = ["."]
  revision = "9a97c102cda95a86cec2345a6f09f55a939babf5"
  version = "v1.0.2"

[[projects]]
  name = "github.com/sylabs/sif"
  packages = ["pkg/sif"]
  revision = "177b9338f1ab9123be5b6217740be1f0ce924206"
  version = "v1.0.1"

[[projects]]
  branch = "master"
  name = "github.com/syndtr/gocapability"
  packages = ["capability"]
  revision = "d98352740cb2c55f81556b63d4a1ec64c5a319c2"

[[projects]]
  name = "github.com/ulikunitz/xz"
  packages = [".","internal/hash","internal/xlog","lzma"]
  revision = "0c6b41e72360850ca4f98dc341fd999726ea007f"
  version = "v0.5.4"

[[projects]]
  name = "github.com/vishvananda/netlink"
  packages = [".","nl"]
  revision = "a2ad57a690f3caf3015351d2d6e1c0b95c349752"
  version = "v1.0.0"

[[projects]]
  branch = "master"
  name = "github.com/vishvananda/netns"
  packages = ["."]
  revision = "13995c7128ccc8e51e9a6bd2b551020a27180abd"

[[projects]]
  branch = "master"
  name = "github.com/xeipuuv/gojsonpointer"
  packages = ["."]
  revision = "4e3ac2762d5f479393488629ee9370b50873b3a6"

[[projects]]
  branch = "master"
  name = "github.com/xeipuuv/gojsonreference"
  packages = ["."]
  revision = "bd5ef7bd5415a7ac448318e64f11a24cd21e594b"

[[projects]]
  name = "github.com/xeipuuv/gojsonschema"
  packages = ["."]
  revision = "da425ebb7609ba06a0f395fc8a254d1c303364a0"
  version = "v1.0"

[[projects]]
  branch = "master"
  name = "go4.org"
  packages = ["errorutil"]
  revision = "417644f6feb5ed3a356ca5d6d8e3a3fac7dfd33f"

[[projects]]
  branch = "master"
  digest = "1:38a6ed00cbcb6b2a674637db12af42a3d47e5577f0a6ec1a5a469b511da43b54"
  name = "golang.org/x/crypto"
  packages = [
    "cast5",
    "openpgp",
    "openpgp/armor",
    "openpgp/clearsign",
    "openpgp/elgamal",
    "openpgp/errors",
    "openpgp/packet",
    "openpgp/s2k",
    "ssh/terminal",
  ]
  pruneopts = "UT"
  revision = "4bce89e8e9a9f84a4cf02b9842c3eaff2af0a856"
  source = "https://github.com/sylabs/golang-x-crypto"

[[projects]]
  branch = "master"
  name = "golang.org/x/net"
  packages = ["context","context/ctxhttp","http/httpguts","http2","http2/hpack","idna","internal/socks","internal/timeseries","proxy","trace"]
  revision = "f04abc6bdfa7a0171a8a0c9fd2ada9391044d056"

[[projects]]
  branch = "master"
  name = "golang.org/x/sys"
  packages = ["unix","windows"]
  revision = "90868a75fefd03942536221d7c0e2f84ec62a668"

[[projects]]
  name = "golang.org/x/text"
  packages = ["collate","collate/build","internal/colltab","internal/gen","internal/tag","internal/triegen","internal/ucd","language","secure/bidirule","transform","unicode/bidi","unicode/cldr","unicode/norm","unicode/rangetable"]
  revision = "f21a4dfb5e38f5895301dc265a8def02365cc3d0"
  version = "v0.3.0"

[[projects]]
  branch = "master"
  name = "google.golang.org/genproto"
  packages = ["googleapis/rpc/status"]
  revision = "221a8d4f74948678f06caaa13c9d41d22e069ae8"

[[projects]]
  name = "google.golang.org/grpc"
  packages = [".","balancer","balancer/base","balancer/roundrobin","codes","connectivity","credentials","encoding","encoding/proto","grpclog","internal","internal/backoff","internal/channelz","internal/envconfig","internal/grpcrand","internal/transport","keepalive","metadata","naming","peer","resolver","resolver/dns","resolver/passthrough","stats","status","tap"]
  revision = "8dea3dc473e90c8179e519d91302d0597c0ca1d1"
  version = "v1.15.0"

[[projects]]
  name = "gopkg.in/cheggaaa/pb.v1"
  packages = ["."]
  revision = "2af8bbdea9e99e83b3ac400d8f6b6d1b8cbbf338"
  version = "v1.0.25"

[[projects]]
  name = "gopkg.in/yaml.v2"
  packages = ["."]
  revision = "5420a8b6744d3b0345ab293f6fcba19c978f1183"
  version = "v2.2.1"

[[projects]]
  name = "k8s.io/kubernetes"
  packages = ["pkg/kubelet/apis/cri/runtime/v1alpha2"]
  revision = "a4529464e4629c21224b3d52edfe0ea91b072862"
  version = "v1.11.3"

[solve-meta]
  analyzer-name = "dep"
  analyzer-version = 1
  inputs-digest = "275e75dea0da53599ab1d8600e8842ae2107ab4f83c588ad5077fc3725d4ff56"
  solver-name = "gps-cdcl"
  solver-version = 1
